PODS:
  - Mantle (1.3.1):
    - Mantle/extobjc
  - Mantle/extobjc (1.3.1)
  - SDWebImage (3.5.2):
    - SDWebImage/Core
  - SDWebImage/Core (3.5.2)
  - Weibo (2.4.1)

DEPENDENCIES:
  - Mantle
  - SDWebImage
  - Weibo

SPEC CHECKSUMS:
  Mantle: abc3b0c81bc66eb624cf9cebb8640e377d5a44ae
  SDWebImage: fe7ce01ae4e0a884d168f59c9dd82d35baf8429e
  Weibo: 02a785c779337679f3627b9f889b1123a56dc3a3

COCOAPODS: 0.29.0
